
Microsoft Visual Studio Solution File, Format Version 12.00
# Visual Studio Version 17
VisualStudioVersion = 17.12.35506.116 d17.12
MinimumVisualStudioVersion = 10.0.40219.1
Project("{FAE04EC0-301F-11D3-BF4B-00C04F79EFBC}") = "Fantasy.Backend", "Fantasy.Backend\Fantasy.Backend.csproj", "{6FB97B6E-9B96-4982-B3DE-C819066192FF}"
EndProject
Project("{FAE04EC0-301F-11D3-BF4B-00C04F79EFBC}") = "Fantasy.Frontend", "Fantasy.Frontend\Fantasy.Frontend.csproj", "{7A538C8E-F154-46D1-AF51-91D5F7BD0D06}"
EndProject
Project("{FAE04EC0-301F-11D3-BF4B-00C04F79EFBC}") = "Fantasy.Shared", "Fantasy.Shared\Fantasy.Shared.csproj", "{F19FF541-A25C-45CD-B2AE-5CCF92F543D1}"
EndProject
Project("{FAE04EC0-301F-11D3-BF4B-00C04F79EFBC}") = "Fantasy.Test", "Fantasy.Test\Fantasy.Test.csproj", "{CEF1923D-A445-41E2-BF6E-576C109D54F6}"
EndProject
Global
	GlobalSection(SolutionConfigurationPlatforms) = preSolution
		Debug|Any CPU = Debug|Any CPU
		Release|Any CPU = Release|Any CPU
	EndGlobalSection
	GlobalSection(ProjectConfigurationPlatforms) = postSolution
		{6FB97B6E-9B96-4982-B3DE-C819066192FF}.Debug|Any CPU.ActiveCfg = Debug|Any CPU
		{6FB97B6E-9B96-4982-B3DE-C819066192FF}.Debug|Any CPU.Build.0 = Debug|Any CPU
		{6FB97B6E-9B96-4982-B3DE-C819066192FF}.Release|Any CPU.ActiveCfg = Release|Any CPU
		{6FB97B6E-9B96-4982-B3DE-C819066192FF}.Release|Any CPU.Build.0 = Release|Any CPU
		{7A538C8E-F154-46D1-AF51-91D5F7BD0D06}.Debug|Any CPU.ActiveCfg = Debug|Any CPU
		{7A538C8E-F154-46D1-AF51-91D5F7BD0D06}.Debug|Any CPU.Build.0 = Debug|Any CPU
		{7A538C8E-F154-46D1-AF51-91D5F7BD0D06}.Release|Any CPU.ActiveCfg = Release|Any CPU
		{7A538C8E-F154-46D1-AF51-91D5F7BD0D06}.Release|Any CPU.Build.0 = Release|Any CPU
		{F19FF541-A25C-45CD-B2AE-5CCF92F543D1}.Debug|Any CPU.ActiveCfg = Debug|Any CPU
		{F19FF541-A25C-45CD-B2AE-5CCF92F543D1}.Debug|Any CPU.Build.0 = Debug|Any CPU
		{F19FF541-A25C-45CD-B2AE-5CCF92F543D1}.Release|Any CPU.ActiveCfg = Release|Any CPU
		{F19FF541-A25C-45CD-B2AE-5CCF92F543D1}.Release|Any CPU.Build.0 = Release|Any CPU
		{CEF1923D-A445-41E2-BF6E-576C109D54F6}.Debug|Any CPU.ActiveCfg = Debug|Any CPU
		{CEF1923D-A445-41E2-BF6E-576C109D54F6}.Debug|Any CPU.Build.0 = Debug|Any CPU
		{CEF1923D-A445-41E2-BF6E-576C109D54F6}.Release|Any CPU.ActiveCfg = Release|Any CPU
		{CEF1923D-A445-41E2-BF6E-576C109D54F6}.Release|Any CPU.Build.0 = Release|Any CPU
	EndGlobalSection
	GlobalSection(SolutionProperties) = preSolution
		HideSolutionNode = FALSE
	EndGlobalSection
EndGlobal
